
Microsoft Visual Studio Solution File, Format Version 12.00
# Visual Studio 15
VisualStudioVersion = 15.0.27004.2009
MinimumVisualStudioVersion = 10.0.40219.1
Project("{FAE04EC0-301F-11D3-BF4B-00C04F79EFBC}") = "imageDeCap", "imageDeCap\imageDeCap.csproj", "{ADD5179A-F93E-4947-BB09-0841EC81ADAD}"
EndProject
Global
	GlobalSection(SolutionConfigurationPlatforms) = preSolution
		CD_ROM|Any CPU = CD_ROM|Any CPU
		CD_ROM|Mixed Platforms = CD_ROM|Mixed Platforms
		CD_ROM|x86 = CD_ROM|x86
		Debug|Any CPU = Debug|Any CPU
		Debug|Mixed Platforms = Debug|Mixed Platforms
		Debug|x86 = Debug|x86
		DVD-5|Any CPU = DVD-5|Any CPU
		DVD-5|Mixed Platforms = DVD-5|Mixed Platforms
		DVD-5|x86 = DVD-5|x86
		Release|Any CPU = Release|Any CPU
		Release|Mixed Platforms = Release|Mixed Platforms
		Release|x86 = Release|x86
		SingleImage|Any CPU = SingleImage|Any CPU
		SingleImage|Mixed Platforms = SingleImage|Mixed Platforms
		SingleImage|x86 = SingleImage|x86
	EndGlobalSection
	GlobalSection(ProjectConfigurationPlatforms) = postSolution
		{ADD5179A-F93E-4947-BB09-0841EC81ADAD}.CD_ROM|Any CPU.ActiveCfg = Release|Any CPU
		{ADD5179A-F93E-4947-BB09-0841EC81ADAD}.CD_ROM|Any CPU.Build.0 = Release|Any CPU
		{ADD5179A-F93E-4947-BB09-0841EC81ADAD}.CD_ROM|Mixed Platforms.ActiveCfg = Release|Any CPU
		{ADD5179A-F93E-4947-BB09-0841EC81ADAD}.CD_ROM|Mixed Platforms.Build.0 = Release|Any CPU
		{ADD5179A-F93E-4947-BB09-0841EC81ADAD}.CD_ROM|x86.ActiveCfg = Release|Any CPU
		{ADD5179A-F93E-4947-BB09-0841EC81ADAD}.Debug|Any CPU.ActiveCfg = Debug|Any CPU
		{ADD5179A-F93E-4947-BB09-0841EC81ADAD}.Debug|Any CPU.Build.0 = Debug|Any CPU
		{ADD5179A-F93E-4947-BB09-0841EC81ADAD}.Debug|Mixed Platforms.ActiveCfg = Debug|Any CPU
		{ADD5179A-F93E-4947-BB09-0841EC81ADAD}.Debug|Mixed Platforms.Build.0 = Debug|Any CPU
		{ADD5179A-F93E-4947-BB09-0841EC81ADAD}.Debug|x86.ActiveCfg = Debug|Any CPU
		{ADD5179A-F93E-4947-BB09-0841EC81ADAD}.DVD-5|Any CPU.ActiveCfg = Debug|Any CPU
		{ADD5179A-F93E-4947-BB09-0841EC81ADAD}.DVD-5|Any CPU.Build.0 = Debug|Any CPU
		{ADD5179A-F93E-4947-BB09-0841EC81ADAD}.DVD-5|Mixed Platforms.ActiveCfg = Debug|Any CPU
		{ADD5179A-F93E-4947-BB09-0841EC81ADAD}.DVD-5|Mixed Platforms.Build.0 = Debug|Any CPU
		{ADD5179A-F93E-4947-BB09-0841EC81ADAD}.DVD-5|x86.ActiveCfg = Debug|Any CPU
		{ADD5179A-F93E-4947-BB09-0841EC81ADAD}.Release|Any CPU.ActiveCfg = Release|Any CPU
		{ADD5179A-F93E-4947-BB09-0841EC81ADAD}.Release|Any CPU.Build.0 = Release|Any CPU
		{ADD5179A-F93E-4947-BB09-0841EC81ADAD}.Release|Mixed Platforms.ActiveCfg = Release|Any CPU
		{ADD5179A-F93E-4947-BB09-0841EC81ADAD}.Release|Mixed Platforms.Build.0 = Release|Any CPU
		{ADD5179A-F93E-4947-BB09-0841EC81ADAD}.Release|x86.ActiveCfg = Release|Any CPU
		{ADD5179A-F93E-4947-BB09-0841EC81ADAD}.SingleImage|Any CPU.ActiveCfg = Release|Any CPU
		{ADD5179A-F93E-4947-BB09-0841EC81ADAD}.SingleImage|Any CPU.Build.0 = Release|Any CPU
		{ADD5179A-F93E-4947-BB09-0841EC81ADAD}.SingleImage|Mixed Platforms.ActiveCfg = Release|Any CPU
		{ADD5179A-F93E-4947-BB09-0841EC81ADAD}.SingleImage|Mixed Platforms.Build.0 = Release|Any CPU
		{ADD5179A-F93E-4947-BB09-0841EC81ADAD}.SingleImage|x86.ActiveCfg = Release|Any CPU
	EndGlobalSection
	GlobalSection(SolutionProperties) = preSolution
		HideSolutionNode = FALSE
	EndGlobalSection
	GlobalSection(ExtensibilityGlobals) = postSolution
		SolutionGuid = {2B95B5E0-E538-48C0-A1E9-602D364F0664}
	EndGlobalSection
EndGlobal
